
Microsoft Visual Studio Solution File, Format Version 12.00
# Visual Studio Version 16
VisualStudioVersion = 16.0.29806.167
MinimumVisualStudioVersion = 10.0.40219.1
Project("{FAE04EC0-301F-11D3-BF4B-00C04F79EFBC}") = "Lesson1_Resigned", "Lesson1_Resigned\Lesson1_Resigned.csproj", "{6CF77965-1CDF-4230-B75D-95455906CD5D}"
EndProject
Global
	GlobalSection(SolutionConfigurationPlatforms) = preSolution
		Debug|Any CPU = Debug|Any CPU
		Release|Any CPU = Release|Any CPU
	EndGlobalSection
	GlobalSection(ProjectConfigurationPlatforms) = postSolution
		{6CF77965-1CDF-4230-B75D-95455906CD5D}.Debug|Any CPU.ActiveCfg = Debug|Any CPU
		{6CF77965-1CDF-4230-B75D-95455906CD5D}.Debug|Any CPU.Build.0 = Debug|Any CPU
		{6CF77965-1CDF-4230-B75D-95455906CD5D}.Release|Any CPU.ActiveCfg = Release|Any CPU
		{6CF77965-1CDF-4230-B75D-95455906CD5D}.Release|Any CPU.Build.0 = Release|Any CPU
	EndGlobalSection
	GlobalSection(SolutionProperties) = preSolution
		HideSolutionNode = FALSE
	EndGlobalSection
	GlobalSection(ExtensibilityGlobals) = postSolution
		SolutionGuid = {31CC386D-F515-406C-9419-08A72D37E73D}
	EndGlobalSection
EndGlobal
